
Microsoft Visual Studio Solution File, Format Version 12.00
# Visual Studio 15
VisualStudioVersion = 15.0.28307.1401
MinimumVisualStudioVersion = 10.0.40219.1
Project("{159641D6-6404-4A2A-AE62-294DE0FE8301}") = "Packages Development", "Packages Development.dtproj", "{8B465CD1-BE5D-49D8-B83B-BEBE4CEAB3BE}"
EndProject
Global
	GlobalSection(SolutionConfigurationPlatforms) = preSolution
		Development|Default = Development|Default
	EndGlobalSection
	GlobalSection(ProjectConfigurationPlatforms) = postSolution
		{8B465CD1-BE5D-49D8-B83B-BEBE4CEAB3BE}.Development|Default.ActiveCfg = Development
		{8B465CD1-BE5D-49D8-B83B-BEBE4CEAB3BE}.Development|Default.Build.0 = Development
	EndGlobalSection
	GlobalSection(SolutionProperties) = preSolution
		HideSolutionNode = FALSE
	EndGlobalSection
	GlobalSection(ExtensibilityGlobals) = postSolution
		SolutionGuid = {550BBB3F-D240-4D32-907C-64C5A370E6E3}
	EndGlobalSection
EndGlobal
